
Microsoft Visual Studio Solution File, Format Version 12.00
# Visual Studio Version 16
VisualStudioVersion = 16.0.29613.14
MinimumVisualStudioVersion = 10.0.40219.1
Project("{FAE04EC0-301F-11D3-BF4B-00C04F79EFBC}") = "PalindromeTest", "PalindromeTest\PalindromeTest.csproj", "{FDEE13E4-4C9A-4A75-801C-BA39290EAEAB}"
EndProject
Project("{FAE04EC0-301F-11D3-BF4B-00C04F79EFBC}") = "PalindromeLib", "PalindromeLib\PalindromeLib.csproj", "{C0AE8A2D-AD5F-4267-942E-171FA80C47CC}"
EndProject
Global
	GlobalSection(SolutionConfigurationPlatforms) = preSolution
		Debug|Any CPU = Debug|Any CPU
		Release|Any CPU = Release|Any CPU
	EndGlobalSection
	GlobalSection(ProjectConfigurationPlatforms) = postSolution
		{FDEE13E4-4C9A-4A75-801C-BA39290EAEAB}.Debug|Any CPU.ActiveCfg = Debug|Any CPU
		{FDEE13E4-4C9A-4A75-801C-BA39290EAEAB}.Debug|Any CPU.Build.0 = Debug|Any CPU
		{FDEE13E4-4C9A-4A75-801C-BA39290EAEAB}.Release|Any CPU.ActiveCfg = Release|Any CPU
		{FDEE13E4-4C9A-4A75-801C-BA39290EAEAB}.Release|Any CPU.Build.0 = Release|Any CPU
		{C0AE8A2D-AD5F-4267-942E-171FA80C47CC}.Debug|Any CPU.ActiveCfg = Debug|Any CPU
		{C0AE8A2D-AD5F-4267-942E-171FA80C47CC}.Debug|Any CPU.Build.0 = Debug|Any CPU
		{C0AE8A2D-AD5F-4267-942E-171FA80C47CC}.Release|Any CPU.ActiveCfg = Release|Any CPU
		{C0AE8A2D-AD5F-4267-942E-171FA80C47CC}.Release|Any CPU.Build.0 = Release|Any CPU
	EndGlobalSection
	GlobalSection(SolutionProperties) = preSolution
		HideSolutionNode = FALSE
	EndGlobalSection
	GlobalSection(ExtensibilityGlobals) = postSolution
		SolutionGuid = {ABEB8595-7491-4D15-A9EC-F5D2CDAB3C07}
	EndGlobalSection
EndGlobal
